
Microsoft Visual Studio Solution File, Format Version 12.00
# Visual Studio Version 17
VisualStudioVersion = 17.9.34616.47
MinimumVisualStudioVersion = 10.0.40219.1
Project("{FAE04EC0-301F-11D3-BF4B-00C04F79EFBC}") = "Final_Project", "Final_Project\Final_Project.csproj", "{F22AE1D9-918F-4373-B898-9669CC3C2495}"
EndProject
Global
	GlobalSection(SolutionConfigurationPlatforms) = preSolution
		Debug|Any CPU = Debug|Any CPU
		Release|Any CPU = Release|Any CPU
	EndGlobalSection
	GlobalSection(ProjectConfigurationPlatforms) = postSolution
		{F22AE1D9-918F-4373-B898-9669CC3C2495}.Debug|Any CPU.ActiveCfg = Debug|Any CPU
		{F22AE1D9-918F-4373-B898-9669CC3C2495}.Debug|Any CPU.Build.0 = Debug|Any CPU
		{F22AE1D9-918F-4373-B898-9669CC3C2495}.Release|Any CPU.ActiveCfg = Release|Any CPU
		{F22AE1D9-918F-4373-B898-9669CC3C2495}.Release|Any CPU.Build.0 = Release|Any CPU
	EndGlobalSection
	GlobalSection(SolutionProperties) = preSolution
		HideSolutionNode = FALSE
	EndGlobalSection
	GlobalSection(ExtensibilityGlobals) = postSolution
		SolutionGuid = {A75CA14E-B09B-4573-9AC8-391D171B776A}
	EndGlobalSection
EndGlobal
